// !$*UTF8*$!
{
	archiveVersion = 1;
	classes = {
	};
	objectVersion = 46;
	objects = {

/* Begin PBXBuildFile section */
		5A64F11417A508F600556285 /* Parser.m in Sources */ = {isa = PBXBuildFile; fileRef = 5A64F11317A508F600556285 /* Parser.m */; };
		5A64F14117A9F0D300556285 /* Select.m in Sources */ = {isa = PBXBuildFile; fileRef = 5A64F14017A9F0D300556285 /* Select.m */; };
		5A64F14417A9F66E00556285 /* BasicGraphPattern.m in Sources */ = {isa = PBXBuildFile; fileRef = 5A64F14317A9F66E00556285 /* BasicGraphPattern.m */; };
		5A89982B177A5A7D008326C4 /* Foundation.framework in Frameworks */ = {isa = PBXBuildFile; fileRef = 5A89982A177A5A7D008326C4 /* Foundation.framework */; };
		5A89982E177A5A7D008326C4 /* main.m in Sources */ = {isa = PBXBuildFile; fileRef = 5A89982D177A5A7D008326C4 /* main.m */; };
		5A899832177A5A7D008326C4 /* sparql.1 in CopyFiles */ = {isa = PBXBuildFile; fileRef = 5A899831177A5A7D008326C4 /* sparql.1 */; };
		5A89983D177BB2E9008326C4 /* Token.m in Sources */ = {isa = PBXBuildFile; fileRef = 5A89983C177BB2E9008326C4 /* Token.m */; };
		5A899843177BC20A008326C4 /* Lexer.m in Sources */ = {isa = PBXBuildFile; fileRef = 5A899842177BC20A008326C4 /* Lexer.m */; };
		5AA732C517A9FB96001FD7D1 /* Triple.m in Sources */ = {isa = PBXBuildFile; fileRef = 5AA732C417A9FB96001FD7D1 /* Triple.m */; };
		5AA732C817A9FD44001FD7D1 /* Variable.m in Sources */ = {isa = PBXBuildFile; fileRef = 5AA732C717A9FD44001FD7D1 /* Variable.m */; };
		5AA732CB17AA01A1001FD7D1 /* VariableList.m in Sources */ = {isa = PBXBuildFile; fileRef = 5AA732CA17AA01A1001FD7D1 /* VariableList.m */; };
		5AC6113B17AA27F3005A5EC7 /* GraphPattern.m in Sources */ = {isa = PBXBuildFile; fileRef = 5AC6113A17AA27F3005A5EC7 /* GraphPattern.m */; };
/* End PBXBuildFile section */

/* Begin PBXCopyFilesBuildPhase section */
		5A899825177A5A7D008326C4 /* CopyFiles */ = {
			isa = PBXCopyFilesBuildPhase;
			buildActionMask = 2147483647;
			dstPath = /usr/share/man/man1/;
			dstSubfolderSpec = 0;
			files = (
				5A899832177A5A7D008326C4 /* sparql.1 in CopyFiles */,
			);
			runOnlyForDeploymentPostprocessing = 1;
		};
/* End PBXCopyFilesBuildPhase section */

/* Begin PBXFileReference section */
		5A64F11217A508F600556285 /* Parser.h */ = {isa = PBXFileReference; fileEncoding = 4; lastKnownFileType = sourcecode.c.h; path = Parser.h; sourceTree = "<group>"; };
		5A64F11317A508F600556285 /* Parser.m */ = {isa = PBXFileReference; fileEncoding = 4; lastKnownFileType = sourcecode.c.objc; path = Parser.m; sourceTree = "<group>"; };
		5A64F13F17A9F0D300556285 /* Select.h */ = {isa = PBXFileReference; fileEncoding = 4; lastKnownFileType = sourcecode.c.h; path = Select.h; sourceTree = "<group>"; };
		5A64F14017A9F0D300556285 /* Select.m */ = {isa = PBXFileReference; fileEncoding = 4; lastKnownFileType = sourcecode.c.objc; path = Select.m; sourceTree = "<group>"; };
		5A64F14217A9F66E00556285 /* BasicGraphPattern.h */ = {isa = PBXFileReference; fileEncoding = 4; lastKnownFileType = sourcecode.c.h; path = BasicGraphPattern.h; sourceTree = "<group>"; };
		5A64F14317A9F66E00556285 /* BasicGraphPattern.m */ = {isa = PBXFileReference; fileEncoding = 4; lastKnownFileType = sourcecode.c.objc; path = BasicGraphPattern.m; sourceTree = "<group>"; };
		5A899827177A5A7D008326C4 /* sparql */ = {isa = PBXFileReference; explicitFileType = "compiled.mach-o.executable"; includeInIndex = 0; path = sparql; sourceTree = BUILT_PRODUCTS_DIR; };
		5A89982A177A5A7D008326C4 /* Foundation.framework */ = {isa = PBXFileReference; lastKnownFileType = wrapper.framework; name = Foundation.framework; path = System/Library/Frameworks/Foundation.framework; sourceTree = SDKROOT; };
		5A89982D177A5A7D008326C4 /* main.m */ = {isa = PBXFileReference; lastKnownFileType = sourcecode.c.objc; path = main.m; sourceTree = "<group>"; };
		5A899830177A5A7D008326C4 /* sparql-Prefix.pch */ = {isa = PBXFileReference; lastKnownFileType = sourcecode.c.h; path = "sparql-Prefix.pch"; sourceTree = "<group>"; };
		5A899831177A5A7D008326C4 /* sparql.1 */ = {isa = PBXFileReference; lastKnownFileType = text.man; path = sparql.1; sourceTree = "<group>"; };
		5A89983B177BB2E9008326C4 /* Token.h */ = {isa = PBXFileReference; fileEncoding = 4; lastKnownFileType = sourcecode.c.h; path = Token.h; sourceTree = "<group>"; };
		5A89983C177BB2E9008326C4 /* Token.m */ = {isa = PBXFileReference; fileEncoding = 4; lastKnownFileType = sourcecode.c.objc; path = Token.m; sourceTree = "<group>"; };
		5A899841177BC20A008326C4 /* Lexer.h */ = {isa = PBXFileReference; fileEncoding = 4; lastKnownFileType = sourcecode.c.h; path = Lexer.h; sourceTree = "<group>"; };
		5A899842177BC20A008326C4 /* Lexer.m */ = {isa = PBXFileReference; fileEncoding = 4; lastKnownFileType = sourcecode.c.objc; path = Lexer.m; sourceTree = "<group>"; };
		5AA732C317A9FB96001FD7D1 /* Triple.h */ = {isa = PBXFileReference; fileEncoding = 4; lastKnownFileType = sourcecode.c.h; path = Triple.h; sourceTree = "<group>"; };
		5AA732C417A9FB96001FD7D1 /* Triple.m */ = {isa = PBXFileReference; fileEncoding = 4; lastKnownFileType = sourcecode.c.objc; path = Triple.m; sourceTree = "<group>"; };
		5AA732C617A9FD44001FD7D1 /* Variable.h */ = {isa = PBXFileReference; fileEncoding = 4; lastKnownFileType = sourcecode.c.h; path = Variable.h; sourceTree = "<group>"; };
		5AA732C717A9FD44001FD7D1 /* Variable.m */ = {isa = PBXFileReference; fileEncoding = 4; lastKnownFileType = sourcecode.c.objc; path = Variable.m; sourceTree = "<group>"; };
		5AA732C917AA01A1001FD7D1 /* VariableList.h */ = {isa = PBXFileReference; fileEncoding = 4; lastKnownFileType = sourcecode.c.h; path = VariableList.h; sourceTree = "<group>"; };
		5AA732CA17AA01A1001FD7D1 /* VariableList.m */ = {isa = PBXFileReference; fileEncoding = 4; lastKnownFileType = sourcecode.c.objc; path = VariableList.m; sourceTree = "<group>"; };
		5AC6113917AA27F3005A5EC7 /* GraphPattern.h */ = {isa = PBXFileReference; fileEncoding = 4; lastKnownFileType = sourcecode.c.h; path = GraphPattern.h; sourceTree = "<group>"; };
		5AC6113A17AA27F3005A5EC7 /* GraphPattern.m */ = {isa = PBXFileReference; fileEncoding = 4; lastKnownFileType = sourcecode.c.objc; path = GraphPattern.m; sourceTree = "<group>"; };
/* End PBXFileReference section */

/* Begin PBXFrameworksBuildPhase section */
		5A899824177A5A7D008326C4 /* Frameworks */ = {
			isa = PBXFrameworksBuildPhase;
			buildActionMask = 2147483647;
			files = (
				5A89982B177A5A7D008326C4 /* Foundation.framework in Frameworks */,
			);
			runOnlyForDeploymentPostprocessing = 0;
		};
/* End PBXFrameworksBuildPhase section */

/* Begin PBXGroup section */
		5A64F13E17A9F0B100556285 /* query */ = {
			isa = PBXGroup;
			children = (
				5A64F13F17A9F0D300556285 /* Select.h */,
				5A64F14017A9F0D300556285 /* Select.m */,
				5A64F14217A9F66E00556285 /* BasicGraphPattern.h */,
				5A64F14317A9F66E00556285 /* BasicGraphPattern.m */,
				5AA732C617A9FD44001FD7D1 /* Variable.h */,
				5AA732C717A9FD44001FD7D1 /* Variable.m */,
				5AA732C917AA01A1001FD7D1 /* VariableList.h */,
				5AA732CA17AA01A1001FD7D1 /* VariableList.m */,
				5AC6113917AA27F3005A5EC7 /* GraphPattern.h */,
				5AC6113A17AA27F3005A5EC7 /* GraphPattern.m */,
				5AA732C317A9FB96001FD7D1 /* Triple.h */,
				5AA732C417A9FB96001FD7D1 /* Triple.m */,
			);
			name = query;
			sourceTree = "<group>";
		};
		5A89981E177A5A7D008326C4 = {
			isa = PBXGroup;
			children = (
				5A89982C177A5A7D008326C4 /* sparql */,
				5A899829177A5A7D008326C4 /* Frameworks */,
				5A899828177A5A7D008326C4 /* Products */,
			);
			sourceTree = "<group>";
		};
		5A899828177A5A7D008326C4 /* Products */ = {
			isa = PBXGroup;
			children = (
				5A899827177A5A7D008326C4 /* sparql */,
			);
			name = Products;
			sourceTree = "<group>";
		};
		5A899829177A5A7D008326C4 /* Frameworks */ = {
			isa = PBXGroup;
			children = (
				5A89982A177A5A7D008326C4 /* Foundation.framework */,
			);
			name = Frameworks;
			sourceTree = "<group>";
		};
		5A89982C177A5A7D008326C4 /* sparql */ = {
			isa = PBXGroup;
			children = (
				5A89982D177A5A7D008326C4 /* main.m */,
				5A89983B177BB2E9008326C4 /* Token.h */,
				5A89983C177BB2E9008326C4 /* Token.m */,
				5A64F11217A508F600556285 /* Parser.h */,
				5A64F11317A508F600556285 /* Parser.m */,
				5A64F13E17A9F0B100556285 /* query */,
				5A899841177BC20A008326C4 /* Lexer.h */,
				5A899842177BC20A008326C4 /* Lexer.m */,
				5A899831177A5A7D008326C4 /* sparql.1 */,
				5A89982F177A5A7D008326C4 /* Supporting Files */,
			);
			path = sparql;
			sourceTree = "<group>";
		};
		5A89982F177A5A7D008326C4 /* Supporting Files */ = {
			isa = PBXGroup;
			children = (
				5A899830177A5A7D008326C4 /* sparql-Prefix.pch */,
			);
			name = "Supporting Files";
			sourceTree = "<group>";
		};
/* End PBXGroup section */

/* Begin PBXNativeTarget section */
		5A899826177A5A7D008326C4 /* sparql */ = {
			isa = PBXNativeTarget;
			buildConfigurationList = 5A899835177A5A7D008326C4 /* Build configuration list for PBXNativeTarget "sparql" */;
			buildPhases = (
				5A899823177A5A7D008326C4 /* Sources */,
				5A899824177A5A7D008326C4 /* Frameworks */,
				5A899825177A5A7D008326C4 /* CopyFiles */,
			);
			buildRules = (
			);
			dependencies = (
			);
			name = sparql;
			productName = sparql;
			productReference = 5A899827177A5A7D008326C4 /* sparql */;
			productType = "com.apple.product-type.tool";
		};
/* End PBXNativeTarget section */

/* Begin PBXProject section */
		5A89981F177A5A7D008326C4 /* Project object */ = {
			isa = PBXProject;
			attributes = {
				LastUpgradeCheck = 0460;
				ORGANIZATIONNAME = ikai;
			};
			buildConfigurationList = 5A899822177A5A7D008326C4 /* Build configuration list for PBXProject "sparql" */;
			compatibilityVersion = "Xcode 3.2";
			developmentRegion = English;
			hasScannedForEncodings = 0;
			knownRegions = (
				en,
			);
			mainGroup = 5A89981E177A5A7D008326C4;
			productRefGroup = 5A899828177A5A7D008326C4 /* Products */;
			projectDirPath = "";
			projectRoot = "";
			targets = (
				5A899826177A5A7D008326C4 /* sparql */,
			);
		};
/* End PBXProject section */

/* Begin PBXSourcesBuildPhase section */
		5A899823177A5A7D008326C4 /* Sources */ = {
			isa = PBXSourcesBuildPhase;
			buildActionMask = 2147483647;
			files = (
				5A89982E177A5A7D008326C4 /* main.m in Sources */,
				5A89983D177BB2E9008326C4 /* Token.m in Sources */,
				5A899843177BC20A008326C4 /* Lexer.m in Sources */,
				5A64F11417A508F600556285 /* Parser.m in Sources */,
				5A64F14117A9F0D300556285 /* Select.m in Sources */,
				5A64F14417A9F66E00556285 /* BasicGraphPattern.m in Sources */,
				5AA732C517A9FB96001FD7D1 /* Triple.m in Sources */,
				5AA732C817A9FD44001FD7D1 /* Variable.m in Sources */,
				5AA732CB17AA01A1001FD7D1 /* VariableList.m in Sources */,
				5AC6113B17AA27F3005A5EC7 /* GraphPattern.m in Sources */,
			);
			runOnlyForDeploymentPostprocessing = 0;
		};
/* End PBXSourcesBuildPhase section */

/* Begin XCBuildConfiguration section */
		5A899833177A5A7D008326C4 /* Debug */ = {
			isa = XCBuildConfiguration;
			buildSettings = {
				ALWAYS_SEARCH_USER_PATHS = NO;
				ARCHS = "$(ARCHS_STANDARD_64_BIT)";
				CLANG_CXX_LANGUAGE_STANDARD = "gnu++0x";
				CLANG_CXX_LIBRARY = "libc++";
				CLANG_ENABLE_OBJC_ARC = YES;
				CLANG_WARN_CONSTANT_CONVERSION = YES;
				CLANG_WARN_EMPTY_BODY = YES;
				CLANG_WARN_ENUM_CONVERSION = YES;
				CLANG_WARN_INT_CONVERSION = YES;
				CLANG_WARN__DUPLICATE_METHOD_MATCH = YES;
				COPY_PHASE_STRIP = NO;
				GCC_C_LANGUAGE_STANDARD = gnu99;
				GCC_DYNAMIC_NO_PIC = NO;
				GCC_ENABLE_OBJC_EXCEPTIONS = YES;
				GCC_OPTIMIZATION_LEVEL = 0;
				GCC_PREPROCESSOR_DEFINITIONS = (
					"DEBUG=1",
					"$(inherited)",
				);
				GCC_SYMBOLS_PRIVATE_EXTERN = NO;
				GCC_WARN_64_TO_32_BIT_CONVERSION = YES;
				GCC_WARN_ABOUT_RETURN_TYPE = YES;
				GCC_WARN_UNINITIALIZED_AUTOS = YES;
				GCC_WARN_UNUSED_VARIABLE = YES;
				MACOSX_DEPLOYMENT_TARGET = 10.8;
				ONLY_ACTIVE_ARCH = YES;
				SDKROOT = macosx;
			};
			name = Debug;
		};
		5A899834177A5A7D008326C4 /* Release */ = {
			isa = XCBuildConfiguration;
			buildSettings = {
				ALWAYS_SEARCH_USER_PATHS = NO;
				ARCHS = "$(ARCHS_STANDARD_64_BIT)";
				CLANG_CXX_LANGUAGE_STANDARD = "gnu++0x";
				CLANG_CXX_LIBRARY = "libc++";
				CLANG_ENABLE_OBJC_ARC = YES;
				CLANG_WARN_CONSTANT_CONVERSION = YES;
				CLANG_WARN_EMPTY_BODY = YES;
				CLANG_WARN_ENUM_CONVERSION = YES;
				CLANG_WARN_INT_CONVERSION = YES;
				CLANG_WARN__DUPLICATE_METHOD_MATCH = YES;
				COPY_PHASE_STRIP = YES;
				DEBUG_INFORMATION_FORMAT = "dwarf-with-dsym";
				GCC_C_LANGUAGE_STANDARD = gnu99;
				GCC_ENABLE_OBJC_EXCEPTIONS = YES;
				GCC_WARN_64_TO_32_BIT_CONVERSION = YES;
				GCC_WARN_ABOUT_RETURN_TYPE = YES;
				GCC_WARN_UNINITIALIZED_AUTOS = YES;
				GCC_WARN_UNUSED_VARIABLE = YES;
				MACOSX_DEPLOYMENT_TARGET = 10.8;
				SDKROOT = macosx;
			};
			name = Release;
		};
		5A899836177A5A7D008326C4 /* Debug */ = {
			isa = XCBuildConfiguration;
			buildSettings = {
				GCC_PRECOMPILE_PREFIX_HEADER = YES;
				GCC_PREFIX_HEADER = "sparql/sparql-Prefix.pch";
				PRODUCT_NAME = "$(TARGET_NAME)";
			};
			name = Debug;
		};
		5A899837177A5A7D008326C4 /* Release */ = {
			isa = XCBuildConfiguration;
			buildSettings = {
				GCC_PRECOMPILE_PREFIX_HEADER = YES;
				GCC_PREFIX_HEADER = "sparql/sparql-Prefix.pch";
				PRODUCT_NAME = "$(TARGET_NAME)";
			};
			name = Release;
		};
/* End XCBuildConfiguration section */

/* Begin XCConfigurationList section */
		5A899822177A5A7D008326C4 /* Build configuration list for PBXProject "sparql" */ = {
			isa = XCConfigurationList;
			buildConfigurations = (
				5A899833177A5A7D008326C4 /* Debug */,
				5A899834177A5A7D008326C4 /* Release */,
			);
			defaultConfigurationIsVisible = 0;
			defaultConfigurationName = Release;
		};
		5A899835177A5A7D008326C4 /* Build configuration list for PBXNativeTarget "sparql" */ = {
			isa = XCConfigurationList;
			buildConfigurations = (
				5A899836177A5A7D008326C4 /* Debug */,
				5A899837177A5A7D008326C4 /* Release */,
			);
			defaultConfigurationIsVisible = 0;
			defaultConfigurationName = Release;
		};
/* End XCConfigurationList section */
	};
	rootObject = 5A89981F177A5A7D008326C4 /* Project object */;
}
